// !$*UTF8*$!
{
	archiveVersion = 1;
	classes = {
	};
	objectVersion = 55;
	objects = {

/* Begin PBXBuildFile section */
		A2013C6527859D8B001759FB /* Amr_CommerceApp.swift in Sources */ = {isa = PBXBuildFile; fileRef = A2013C6427859D8B001759FB /* Amr_CommerceApp.swift */; };
		A2013C6727859D8B001759FB /* ContentView.swift in Sources */ = {isa = PBXBuildFile; fileRef = A2013C6627859D8B001759FB /* ContentView.swift */; };
		A2013C6927859D8D001759FB /* Assets.xcassets in Resources */ = {isa = PBXBuildFile; fileRef = A2013C6827859D8D001759FB /* Assets.xcassets */; };
		A2013C6C27859D8D001759FB /* Preview Assets.xcassets in Resources */ = {isa = PBXBuildFile; fileRef = A2013C6B27859D8D001759FB /* Preview Assets.xcassets */; };
		A2013C7627859D8D001759FB /* Amr_CommerceTests.swift in Sources */ = {isa = PBXBuildFile; fileRef = A2013C7527859D8D001759FB /* Amr_CommerceTests.swift */; };
		A2013C8027859D8D001759FB /* Amr_CommerceUITests.swift in Sources */ = {isa = PBXBuildFile; fileRef = A2013C7F27859D8D001759FB /* Amr_CommerceUITests.swift */; };
		A2013C8227859D8D001759FB /* Amr_CommerceUITestsLaunchTests.swift in Sources */ = {isa = PBXBuildFile; fileRef = A2013C8127859D8D001759FB /* Amr_CommerceUITestsLaunchTests.swift */; };
/* End PBXBuildFile section */

/* Begin PBXContainerItemProxy section */
		A2013C7227859D8D001759FB /* PBXContainerItemProxy */ = {
			isa = PBXContainerItemProxy;
			containerPortal = A2013C5927859D8B001759FB /* Project object */;
			proxyType = 1;
			remoteGlobalIDString = A2013C6027859D8B001759FB;
			remoteInfo = "Amr-Commerce";
		};
		A2013C7C27859D8D001759FB /* PBXContainerItemProxy */ = {
			isa = PBXContainerItemProxy;
			containerPortal = A2013C5927859D8B001759FB /* Project object */;
			proxyType = 1;
			remoteGlobalIDString = A2013C6027859D8B001759FB;
			remoteInfo = "Amr-Commerce";
		};
/* End PBXContainerItemProxy section */

/* Begin PBXFileReference section */
		A2013C6127859D8B001759FB /* Amr-Commerce.app */ = {isa = PBXFileReference; explicitFileType = wrapper.application; includeInIndex = 0; path = "Amr-Commerce.app"; sourceTree = BUILT_PRODUCTS_DIR; };
		A2013C6427859D8B001759FB /* Amr_CommerceApp.swift */ = {isa = PBXFileReference; lastKnownFileType = sourcecode.swift; path = Amr_CommerceApp.swift; sourceTree = "<group>"; };
		A2013C6627859D8B001759FB /* ContentView.swift */ = {isa = PBXFileReference; lastKnownFileType = sourcecode.swift; path = ContentView.swift; sourceTree = "<group>"; };
		A2013C6827859D8D001759FB /* Assets.xcassets */ = {isa = PBXFileReference; lastKnownFileType = folder.assetcatalog; path = Assets.xcassets; sourceTree = "<group>"; };
		A2013C6B27859D8D001759FB /* Preview Assets.xcassets */ = {isa = PBXFileReference; lastKnownFileType = folder.assetcatalog; path = "Preview Assets.xcassets"; sourceTree = "<group>"; };
		A2013C7127859D8D001759FB /* Amr-CommerceTests.xctest */ = {isa = PBXFileReference; explicitFileType = wrapper.cfbundle; includeInIndex = 0; path = "Amr-CommerceTests.xctest"; sourceTree = BUILT_PRODUCTS_DIR; };
		A2013C7527859D8D001759FB /* Amr_CommerceTests.swift */ = {isa = PBXFileReference; lastKnownFileType = sourcecode.swift; path = Amr_CommerceTests.swift; sourceTree = "<group>"; };
		A2013C7B27859D8D001759FB /* Amr-CommerceUITests.xctest */ = {isa = PBXFileReference; explicitFileType = wrapper.cfbundle; includeInIndex = 0; path = "Amr-CommerceUITests.xctest"; sourceTree = BUILT_PRODUCTS_DIR; };
		A2013C7F27859D8D001759FB /* Amr_CommerceUITests.swift */ = {isa = PBXFileReference; lastKnownFileType = sourcecode.swift; path = Amr_CommerceUITests.swift; sourceTree = "<group>"; };
		A2013C8127859D8D001759FB /* Amr_CommerceUITestsLaunchTests.swift */ = {isa = PBXFileReference; lastKnownFileType = sourcecode.swift; path = Amr_CommerceUITestsLaunchTests.swift; sourceTree = "<group>"; };
/* End PBXFileReference section */

/* Begin PBXFrameworksBuildPhase section */
		A2013C5E27859D8B001759FB /* Frameworks */ = {
			isa = PBXFrameworksBuildPhase;
			buildActionMask = 2147483647;
			files = (
			);
			runOnlyForDeploymentPostprocessing = 0;
		};
		A2013C6E27859D8D001759FB /* Frameworks */ = {
			isa = PBXFrameworksBuildPhase;
			buildActionMask = 2147483647;
			files = (
			);
			runOnlyForDeploymentPostprocessing = 0;
		};
		A2013C7827859D8D001759FB /* Frameworks */ = {
			isa = PBXFrameworksBuildPhase;
			buildActionMask = 2147483647;
			files = (
			);
			runOnlyForDeploymentPostprocessing = 0;
		};
/* End PBXFrameworksBuildPhase section */

/* Begin PBXGroup section */
		A2013C5827859D8B001759FB = {
			isa = PBXGroup;
			children = (
				A2013C6327859D8B001759FB /* Amr-Commerce */,
				A2013C7427859D8D001759FB /* Amr-CommerceTests */,
				A2013C7E27859D8D001759FB /* Amr-CommerceUITests */,
				A2013C6227859D8B001759FB /* Products */,
			);
			sourceTree = "<group>";
		};
		A2013C6227859D8B001759FB /* Products */ = {
			isa = PBXGroup;
			children = (
				A2013C6127859D8B001759FB /* Amr-Commerce.app */,
				A2013C7127859D8D001759FB /* Amr-CommerceTests.xctest */,
				A2013C7B27859D8D001759FB /* Amr-CommerceUITests.xctest */,
			);
			name = Products;
			sourceTree = "<group>";
		};
		A2013C6327859D8B001759FB /* Amr-Commerce */ = {
			isa = PBXGroup;
			children = (
				A2013C6427859D8B001759FB /* Amr_CommerceApp.swift */,
				A2013C6627859D8B001759FB /* ContentView.swift */,
				A2013C6827859D8D001759FB /* Assets.xcassets */,
				A2013C6A27859D8D001759FB /* Preview Content */,
			);
			path = "Amr-Commerce";
			sourceTree = "<group>";
		};
		A2013C6A27859D8D001759FB /* Preview Content */ = {
			isa = PBXGroup;
			children = (
				A2013C6B27859D8D001759FB /* Preview Assets.xcassets */,
			);
			path = "Preview Content";
			sourceTree = "<group>";
		};
		A2013C7427859D8D001759FB /* Amr-CommerceTests */ = {
			isa = PBXGroup;
			children = (
				A2013C7527859D8D001759FB /* Amr_CommerceTests.swift */,
			);
			path = "Amr-CommerceTests";
			sourceTree = "<group>";
		};
		A2013C7E27859D8D001759FB /* Amr-CommerceUITests */ = {
			isa = PBXGroup;
			children = (
				A2013C7F27859D8D001759FB /* Amr_CommerceUITests.swift */,
				A2013C8127859D8D001759FB /* Amr_CommerceUITestsLaunchTests.swift */,
			);
			path = "Amr-CommerceUITests";
			sourceTree = "<group>";
		};
/* End PBXGroup section */

/* Begin PBXNativeTarget section */
		A2013C6027859D8B001759FB /* Amr-Commerce */ = {
			isa = PBXNativeTarget;
			buildConfigurationList = A2013C8527859D8D001759FB /* Build configuration list for PBXNativeTarget "Amr-Commerce" */;
			buildPhases = (
				A2013C5D27859D8B001759FB /* Sources */,
				A2013C5E27859D8B001759FB /* Frameworks */,
				A2013C5F27859D8B001759FB /* Resources */,
			);
			buildRules = (
			);
			dependencies = (
			);
			name = "Amr-Commerce";
			productName = "Amr-Commerce";
			productReference = A2013C6127859D8B001759FB /* Amr-Commerce.app */;
			productType = "com.apple.product-type.application";
		};
		A2013C7027859D8D001759FB /* Amr-CommerceTests */ = {
			isa = PBXNativeTarget;
			buildConfigurationList = A2013C8827859D8D001759FB /* Build configuration list for PBXNativeTarget "Amr-CommerceTests" */;
			buildPhases = (
				A2013C6D27859D8D001759FB /* Sources */,
				A2013C6E27859D8D001759FB /* Frameworks */,
				A2013C6F27859D8D001759FB /* Resources */,
			);
			buildRules = (
			);
			dependencies = (
				A2013C7327859D8D001759FB /* PBXTargetDependency */,
			);
			name = "Amr-CommerceTests";
			productName = "Amr-CommerceTests";
			productReference = A2013C7127859D8D001759FB /* Amr-CommerceTests.xctest */;
			productType = "com.apple.product-type.bundle.unit-test";
		};
		A2013C7A27859D8D001759FB /* Amr-CommerceUITests */ = {
			isa = PBXNativeTarget;
			buildConfigurationList = A2013C8B27859D8D001759FB /* Build configuration list for PBXNativeTarget "Amr-CommerceUITests" */;
			buildPhases = (
				A2013C7727859D8D001759FB /* Sources */,
				A2013C7827859D8D001759FB /* Frameworks */,
				A2013C7927859D8D001759FB /* Resources */,
			);
			buildRules = (
			);
			dependencies = (
				A2013C7D27859D8D001759FB /* PBXTargetDependency */,
			);
			name = "Amr-CommerceUITests";
			productName = "Amr-CommerceUITests";
			productReference = A2013C7B27859D8D001759FB /* Amr-CommerceUITests.xctest */;
			productType = "com.apple.product-type.bundle.ui-testing";
		};
/* End PBXNativeTarget section */

/* Begin PBXProject section */
		A2013C5927859D8B001759FB /* Project object */ = {
			isa = PBXProject;
			attributes = {
				BuildIndependentTargetsInParallel = 1;
				LastSwiftUpdateCheck = 1310;
				LastUpgradeCheck = 1310;
				TargetAttributes = {
					A2013C6027859D8B001759FB = {
						CreatedOnToolsVersion = 13.1;
					};
					A2013C7027859D8D001759FB = {
						CreatedOnToolsVersion = 13.1;
						TestTargetID = A2013C6027859D8B001759FB;
					};
					A2013C7A27859D8D001759FB = {
						CreatedOnToolsVersion = 13.1;
						TestTargetID = A2013C6027859D8B001759FB;
					};
				};
			};
			buildConfigurationList = A2013C5C27859D8B001759FB /* Build configuration list for PBXProject "Amr-Commerce" */;
			compatibilityVersion = "Xcode 13.0";
			developmentRegion = en;
			hasScannedForEncodings = 0;
			knownRegions = (
				en,
				Base,
			);
			mainGroup = A2013C5827859D8B001759FB;
			productRefGroup = A2013C6227859D8B001759FB /* Products */;
			projectDirPath = "";
			projectRoot = "";
			targets = (
				A2013C6027859D8B001759FB /* Amr-Commerce */,
				A2013C7027859D8D001759FB /* Amr-CommerceTests */,
				A2013C7A27859D8D001759FB /* Amr-CommerceUITests */,
			);
		};
/* End PBXProject section */

/* Begin PBXResourcesBuildPhase section */
		A2013C5F27859D8B001759FB /* Resources */ = {
			isa = PBXResourcesBuildPhase;
			buildActionMask = 2147483647;
			files = (
				A2013C6C27859D8D001759FB /* Preview Assets.xcassets in Resources */,
				A2013C6927859D8D001759FB /* Assets.xcassets in Resources */,
			);
			runOnlyForDeploymentPostprocessing = 0;
		};
		A2013C6F27859D8D001759FB /* Resources */ = {
			isa = PBXResourcesBuildPhase;
			buildActionMask = 2147483647;
			files = (
			);
			runOnlyForDeploymentPostprocessing = 0;
		};
		A2013C7927859D8D001759FB /* Resources */ = {
			isa = PBXResourcesBuildPhase;
			buildActionMask = 2147483647;
			files = (
			);
			runOnlyForDeploymentPostprocessing = 0;
		};
/* End PBXResourcesBuildPhase section */

/* Begin PBXSourcesBuildPhase section */
		A2013C5D27859D8B001759FB /* Sources */ = {
			isa = PBXSourcesBuildPhase;
			buildActionMask = 2147483647;
			files = (
				A2013C6727859D8B001759FB /* ContentView.swift in Sources */,
				A2013C6527859D8B001759FB /* Amr_CommerceApp.swift in Sources */,
			);
			runOnlyForDeploymentPostprocessing = 0;
		};
		A2013C6D27859D8D001759FB /* Sources */ = {
			isa = PBXSourcesBuildPhase;
			buildActionMask = 2147483647;
			files = (
				A2013C7627859D8D001759FB /* Amr_CommerceTests.swift in Sources */,
			);
			runOnlyForDeploymentPostprocessing = 0;
		};
		A2013C7727859D8D001759FB /* Sources */ = {
			isa = PBXSourcesBuildPhase;
			buildActionMask = 2147483647;
			files = (
				A2013C8227859D8D001759FB /* Amr_CommerceUITestsLaunchTests.swift in Sources */,
				A2013C8027859D8D001759FB /* Amr_CommerceUITests.swift in Sources */,
			);
			runOnlyForDeploymentPostprocessing = 0;
		};
/* End PBXSourcesBuildPhase section */

/* Begin PBXTargetDependency section */
		A2013C7327859D8D001759FB /* PBXTargetDependency */ = {
			isa = PBXTargetDependency;
			target = A2013C6027859D8B001759FB /* Amr-Commerce */;
			targetProxy = A2013C7227859D8D001759FB /* PBXContainerItemProxy */;
		};
		A2013C7D27859D8D001759FB /* PBXTargetDependency */ = {
			isa = PBXTargetDependency;
			target = A2013C6027859D8B001759FB /* Amr-Commerce */;
			targetProxy = A2013C7C27859D8D001759FB /* PBXContainerItemProxy */;
		};
/* End PBXTargetDependency section */

/* Begin XCBuildConfiguration section */
		A2013C8327859D8D001759FB /* Debug */ = {
			isa = XCBuildConfiguration;
			buildSettings = {
				ALWAYS_SEARCH_USER_PATHS = NO;
				CLANG_ANALYZER_NONNULL = YES;
				CLANG_ANALYZER_NUMBER_OBJECT_CONVERSION = YES_AGGRESSIVE;
				CLANG_CXX_LANGUAGE_STANDARD = "gnu++17";
				CLANG_CXX_LIBRARY = "libc++";
				CLANG_ENABLE_MODULES = YES;
				CLANG_ENABLE_OBJC_ARC = YES;
				CLANG_ENABLE_OBJC_WEAK = YES;
				CLANG_WARN_BLOCK_CAPTURE_AUTORELEASING = YES;
				CLANG_WARN_BOOL_CONVERSION = YES;
				CLANG_WARN_COMMA = YES;
				CLANG_WARN_CONSTANT_CONVERSION = YES;
				CLANG_WARN_DEPRECATED_OBJC_IMPLEMENTATIONS = YES;
				CLANG_WARN_DIRECT_OBJC_ISA_USAGE = YES_ERROR;
				CLANG_WARN_DOCUMENTATION_COMMENTS = YES;
				CLANG_WARN_EMPTY_BODY = YES;
				CLANG_WARN_ENUM_CONVERSION = YES;
				CLANG_WARN_INFINITE_RECURSION = YES;
				CLANG_WARN_INT_CONVERSION = YES;
				CLANG_WARN_NON_LITERAL_NULL_CONVERSION = YES;
				CLANG_WARN_OBJC_IMPLICIT_RETAIN_SELF = YES;
				CLANG_WARN_OBJC_LITERAL_CONVERSION = YES;
				CLANG_WARN_OBJC_ROOT_CLASS = YES_ERROR;
				CLANG_WARN_QUOTED_INCLUDE_IN_FRAMEWORK_HEADER = YES;
				CLANG_WARN_RANGE_LOOP_ANALYSIS = YES;
				CLANG_WARN_STRICT_PROTOTYPES = YES;
				CLANG_WARN_SUSPICIOUS_MOVE = YES;
				CLANG_WARN_UNGUARDED_AVAILABILITY = YES_AGGRESSIVE;
				CLANG_WARN_UNREACHABLE_CODE = YES;
				CLANG_WARN__DUPLICATE_METHOD_MATCH = YES;
				COPY_PHASE_STRIP = NO;
				DEBUG_INFORMATION_FORMAT = dwarf;
				ENABLE_STRICT_OBJC_MSGSEND = YES;
				ENABLE_TESTABILITY = YES;
				GCC_C_LANGUAGE_STANDARD = gnu11;
				GCC_DYNAMIC_NO_PIC = NO;
				GCC_NO_COMMON_BLOCKS = YES;
				GCC_OPTIMIZATION_LEVEL = 0;
				GCC_PREPROCESSOR_DEFINITIONS = (
					"DEBUG=1",
					"$(inherited)",
				);
				GCC_WARN_64_TO_32_BIT_CONVERSION = YES;
				GCC_WARN_ABOUT_RETURN_TYPE = YES_ERROR;
				GCC_WARN_UNDECLARED_SELECTOR = YES;
				GCC_WARN_UNINITIALIZED_AUTOS = YES_AGGRESSIVE;
				GCC_WARN_UNUSED_FUNCTION = YES;
				GCC_WARN_UNUSED_VARIABLE = YES;
				IPHONEOS_DEPLOYMENT_TARGET = 15.0;
				MTL_ENABLE_DEBUG_INFO = INCLUDE_SOURCE;
				MTL_FAST_MATH = YES;
				ONLY_ACTIVE_ARCH = YES;
				SDKROOT = iphoneos;
				SWIFT_ACTIVE_COMPILATION_CONDITIONS = DEBUG;
				SWIFT_OPTIMIZATION_LEVEL = "-Onone";
			};
			name = Debug;
		};
		A2013C8427859D8D001759FB /* Release */ = {
			isa = XCBuildConfiguration;
			buildSettings = {
				ALWAYS_SEARCH_USER_PATHS = NO;
				CLANG_ANALYZER_NONNULL = YES;
				CLANG_ANALYZER_NUMBER_OBJECT_CONVERSION = YES_AGGRESSIVE;
				CLANG_CXX_LANGUAGE_STANDARD = "gnu++17";
				CLANG_CXX_LIBRARY = "libc++";
				CLANG_ENABLE_MODULES = YES;
				CLANG_ENABLE_OBJC_ARC = YES;
				CLANG_ENABLE_OBJC_WEAK = YES;
				CLANG_WARN_BLOCK_CAPTURE_AUTORELEASING = YES;
				CLANG_WARN_BOOL_CONVERSION = YES;
				CLANG_WARN_COMMA = YES;
				CLANG_WARN_CONSTANT_CONVERSION = YES;
				CLANG_WARN_DEPRECATED_OBJC_IMPLEMENTATIONS = YES;
				CLANG_WARN_DIRECT_OBJC_ISA_USAGE = YES_ERROR;
				CLANG_WARN_DOCUMENTATION_COMMENTS = YES;
				CLANG_WARN_EMPTY_BODY = YES;
				CLANG_WARN_ENUM_CONVERSION = YES;
				CLANG_WARN_INFINITE_RECURSION = YES;
				CLANG_WARN_INT_CONVERSION = YES;
				CLANG_WARN_NON_LITERAL_NULL_CONVERSION = YES;
				CLANG_WARN_OBJC_IMPLICIT_RETAIN_SELF = YES;
				CLANG_WARN_OBJC_LITERAL_CONVERSION = YES;
				CLANG_WARN_OBJC_ROOT_CLASS = YES_ERROR;
				CLANG_WARN_QUOTED_INCLUDE_IN_FRAMEWORK_HEADER = YES;
				CLANG_WARN_RANGE_LOOP_ANALYSIS = YES;
				CLANG_WARN_STRICT_PROTOTYPES = YES;
				CLANG_WARN_SUSPICIOUS_MOVE = YES;
				CLANG_WARN_UNGUARDED_AVAILABILITY = YES_AGGRESSIVE;
				CLANG_WARN_UNREACHABLE_CODE = YES;
				CLANG_WARN__DUPLICATE_METHOD_MATCH = YES;
				COPY_PHASE_STRIP = NO;
				DEBUG_INFORMATION_FORMAT = "dwarf-with-dsym";
				ENABLE_NS_ASSERTIONS = NO;
				ENABLE_STRICT_OBJC_MSGSEND = YES;
				GCC_C_LANGUAGE_STANDARD = gnu11;
				GCC_NO_COMMON_BLOCKS = YES;
				GCC_WARN_64_TO_32_BIT_CONVERSION = YES;
				GCC_WARN_ABOUT_RETURN_TYPE = YES_ERROR;
				GCC_WARN_UNDECLARED_SELECTOR = YES;
				GCC_WARN_UNINITIALIZED_AUTOS = YES_AGGRESSIVE;
				GCC_WARN_UNUSED_FUNCTION = YES;
				GCC_WARN_UNUSED_VARIABLE = YES;
				IPHONEOS_DEPLOYMENT_TARGET = 15.0;
				MTL_ENABLE_DEBUG_INFO = NO;
				MTL_FAST_MATH = YES;
				SDKROOT = iphoneos;
				SWIFT_COMPILATION_MODE = wholemodule;
				SWIFT_OPTIMIZATION_LEVEL = "-O";
				VALIDATE_PRODUCT = YES;
			};
			name = Release;
		};
		A2013C8627859D8D001759FB /* Debug */ = {
			isa = XCBuildConfiguration;
			buildSettings = {
				ASSETCATALOG_COMPILER_APPICON_NAME = AppIcon;
				ASSETCATALOG_COMPILER_GLOBAL_ACCENT_COLOR_NAME = AccentColor;
				CODE_SIGN_STYLE = Automatic;
				CURRENT_PROJECT_VERSION = 1;
				DEVELOPMENT_ASSET_PATHS = "\"Amr-Commerce/Preview Content\"";
				DEVELOPMENT_TEAM = X43UT553Y2;
				ENABLE_PREVIEWS = YES;
				GENERATE_INFOPLIST_FILE = YES;
				INFOPLIST_KEY_UIApplicationSceneManifest_Generation = YES;
				INFOPLIST_KEY_UIApplicationSupportsIndirectInputEvents = YES;
				INFOPLIST_KEY_UILaunchScreen_Generation = YES;
				INFOPLIST_KEY_UISupportedInterfaceOrientations_iPad = "UIInterfaceOrientationPortrait UIInterfaceOrientationPortraitUpsideDown UIInterfaceOrientationLandscapeLeft UIInterfaceOrientationLandscapeRight";
				INFOPLIST_KEY_UISupportedInterfaceOrientations_iPhone = "UIInterfaceOrientationPortrait UIInterfaceOrientationLandscapeLeft UIInterfaceOrientationLandscapeRight";
				LD_RUNPATH_SEARCH_PATHS = (
					"$(inherited)",
					"@executable_path/Frameworks",
				);
				MARKETING_VERSION = 1.0;
				PRODUCT_BUNDLE_IDENTIFIER = "com.Amr-Commerce.Amr-Commerce";
				PRODUCT_NAME = "$(TARGET_NAME)";
				SWIFT_EMIT_LOC_STRINGS = YES;
				SWIFT_VERSION = 5.0;
				TARGETED_DEVICE_FAMILY = "1,2";
			};
			name = Debug;
		};
		A2013C8727859D8D001759FB /* Release */ = {
			isa = XCBuildConfiguration;
			buildSettings = {
				ASSETCATALOG_COMPILER_APPICON_NAME = AppIcon;
				ASSETCATALOG_COMPILER_GLOBAL_ACCENT_COLOR_NAME = AccentColor;
				CODE_SIGN_STYLE = Automatic;
				CURRENT_PROJECT_VERSION = 1;
				DEVELOPMENT_ASSET_PATHS = "\"Amr-Commerce/Preview Content\"";
				DEVELOPMENT_TEAM = X43UT553Y2;
				ENABLE_PREVIEWS = YES;
				GENERATE_INFOPLIST_FILE = YES;
				INFOPLIST_KEY_UIApplicationSceneManifest_Generation = YES;
				INFOPLIST_KEY_UIApplicationSupportsIndirectInputEvents = YES;
				INFOPLIST_KEY_UILaunchScreen_Generation = YES;
				INFOPLIST_KEY_UISupportedInterfaceOrientations_iPad = "UIInterfaceOrientationPortrait UIInterfaceOrientationPortraitUpsideDown UIInterfaceOrientationLandscapeLeft UIInterfaceOrientationLandscapeRight";
				INFOPLIST_KEY_UISupportedInterfaceOrientations_iPhone = "UIInterfaceOrientationPortrait UIInterfaceOrientationLandscapeLeft UIInterfaceOrientationLandscapeRight";
				LD_RUNPATH_SEARCH_PATHS = (
					"$(inherited)",
					"@executable_path/Frameworks",
				);
				MARKETING_VERSION = 1.0;
				PRODUCT_BUNDLE_IDENTIFIER = "com.Amr-Commerce.Amr-Commerce";
				PRODUCT_NAME = "$(TARGET_NAME)";
				SWIFT_EMIT_LOC_STRINGS = YES;
				SWIFT_VERSION = 5.0;
				TARGETED_DEVICE_FAMILY = "1,2";
			};
			name = Release;
		};
		A2013C8927859D8D001759FB /* Debug */ = {
			isa = XCBuildConfiguration;
			buildSettings = {
				ALWAYS_EMBED_SWIFT_STANDARD_LIBRARIES = YES;
				BUNDLE_LOADER = "$(TEST_HOST)";
				CODE_SIGN_STYLE = Automatic;
				CURRENT_PROJECT_VERSION = 1;
				DEVELOPMENT_TEAM = X43UT553Y2;
				GENERATE_INFOPLIST_FILE = YES;
				IPHONEOS_DEPLOYMENT_TARGET = 15.0;
				LD_RUNPATH_SEARCH_PATHS = (
					"$(inherited)",
					"@executable_path/Frameworks",
					"@loader_path/Frameworks",
				);
				MARKETING_VERSION = 1.0;
				PRODUCT_BUNDLE_IDENTIFIER = "com.Amr-Commerce.Amr-CommerceTests";
				PRODUCT_NAME = "$(TARGET_NAME)";
				SWIFT_EMIT_LOC_STRINGS = NO;
				SWIFT_VERSION = 5.0;
				TARGETED_DEVICE_FAMILY = "1,2";
				TEST_HOST = "$(BUILT_PRODUCTS_DIR)/Amr-Commerce.app/Amr-Commerce";
			};
			name = Debug;
		};
		A2013C8A27859D8D001759FB /* Release */ = {
			isa = XCBuildConfiguration;
			buildSettings = {
				ALWAYS_EMBED_SWIFT_STANDARD_LIBRARIES = YES;
				BUNDLE_LOADER = "$(TEST_HOST)";
				CODE_SIGN_STYLE = Automatic;
				CURRENT_PROJECT_VERSION = 1;
				DEVELOPMENT_TEAM = X43UT553Y2;
				GENERATE_INFOPLIST_FILE = YES;
				IPHONEOS_DEPLOYMENT_TARGET = 15.0;
				LD_RUNPATH_SEARCH_PATHS = (
					"$(inherited)",
					"@executable_path/Frameworks",
					"@loader_path/Frameworks",
				);
				MARKETING_VERSION = 1.0;
				PRODUCT_BUNDLE_IDENTIFIER = "com.Amr-Commerce.Amr-CommerceTests";
				PRODUCT_NAME = "$(TARGET_NAME)";
				SWIFT_EMIT_LOC_STRINGS = NO;
				SWIFT_VERSION = 5.0;
				TARGETED_DEVICE_FAMILY = "1,2";
				TEST_HOST = "$(BUILT_PRODUCTS_DIR)/Amr-Commerce.app/Amr-Commerce";
			};
			name = Release;
		};
		A2013C8C27859D8D001759FB /* Debug */ = {
			isa = XCBuildConfiguration;
			buildSettings = {
				ALWAYS_EMBED_SWIFT_STANDARD_LIBRARIES = YES;
				CODE_SIGN_STYLE = Automatic;
				CURRENT_PROJECT_VERSION = 1;
				DEVELOPMENT_TEAM = X43UT553Y2;
				GENERATE_INFOPLIST_FILE = YES;
				LD_RUNPATH_SEARCH_PATHS = (
					"$(inherited)",
					"@executable_path/Frameworks",
					"@loader_path/Frameworks",
				);
				MARKETING_VERSION = 1.0;
				PRODUCT_BUNDLE_IDENTIFIER = "com.Amr-Commerce.Amr-CommerceUITests";
				PRODUCT_NAME = "$(TARGET_NAME)";
				SWIFT_EMIT_LOC_STRINGS = NO;
				SWIFT_VERSION = 5.0;
				TARGETED_DEVICE_FAMILY = "1,2";
				TEST_TARGET_NAME = "Amr-Commerce";
			};
			name = Debug;
		};
		A2013C8D27859D8D001759FB /* Release */ = {
			isa = XCBuildConfiguration;
			buildSettings = {
				ALWAYS_EMBED_SWIFT_STANDARD_LIBRARIES = YES;
				CODE_SIGN_STYLE = Automatic;
				CURRENT_PROJECT_VERSION = 1;
				DEVELOPMENT_TEAM = X43UT553Y2;
				GENERATE_INFOPLIST_FILE = YES;
				LD_RUNPATH_SEARCH_PATHS = (
					"$(inherited)",
					"@executable_path/Frameworks",
					"@loader_path/Frameworks",
				);
				MARKETING_VERSION = 1.0;
				PRODUCT_BUNDLE_IDENTIFIER = "com.Amr-Commerce.Amr-CommerceUITests";
				PRODUCT_NAME = "$(TARGET_NAME)";
				SWIFT_EMIT_LOC_STRINGS = NO;
				SWIFT_VERSION = 5.0;
				TARGETED_DEVICE_FAMILY = "1,2";
				TEST_TARGET_NAME = "Amr-Commerce";
			};
			name = Release;
		};
/* End XCBuildConfiguration section */

/* Begin XCConfigurationList section */
		A2013C5C27859D8B001759FB /* Build configuration list for PBXProject "Amr-Commerce" */ = {
			isa = XCConfigurationList;
			buildConfigurations = (
				A2013C8327859D8D001759FB /* Debug */,
				A2013C8427859D8D001759FB /* Release */,
			);
			defaultConfigurationIsVisible = 0;
			defaultConfigurationName = Release;
		};
		A2013C8527859D8D001759FB /* Build configuration list for PBXNativeTarget "Amr-Commerce" */ = {
			isa = XCConfigurationList;
			buildConfigurations = (
				A2013C8627859D8D001759FB /* Debug */,
				A2013C8727859D8D001759FB /* Release */,
			);
			defaultConfigurationIsVisible = 0;
			defaultConfigurationName = Release;
		};
		A2013C8827859D8D001759FB /* Build configuration list for PBXNativeTarget "Amr-CommerceTests" */ = {
			isa = XCConfigurationList;
			buildConfigurations = (
				A2013C8927859D8D001759FB /* Debug */,
				A2013C8A27859D8D001759FB /* Release */,
			);
			defaultConfigurationIsVisible = 0;
			defaultConfigurationName = Release;
		};
		A2013C8B27859D8D001759FB /* Build configuration list for PBXNativeTarget "Amr-CommerceUITests" */ = {
			isa = XCConfigurationList;
			buildConfigurations = (
				A2013C8C27859D8D001759FB /* Debug */,
				A2013C8D27859D8D001759FB /* Release */,
			);
			defaultConfigurationIsVisible = 0;
			defaultConfigurationName = Release;
		};
/* End XCConfigurationList section */
	};
	rootObject = A2013C5927859D8B001759FB /* Project object */;
}
